// !$*UTF8*$!
{
	archiveVersion = 1;
	classes = {
	};
	objectVersion = 50;
	objects = {

/* Begin PBXBuildFile section */
		0827A0B571F149EC8EF1C3EC /* Pods_RxSwift_demo.framework in Frameworks */ = {isa = PBXBuildFile; fileRef = F8113EEC34273FAE256FC72A /* Pods_RxSwift_demo.framework */; };
		B7984B69211ADD3100B155CE /* AppDelegate.swift in Sources */ = {isa = PBXBuildFile; fileRef = B7984B68211ADD3100B155CE /* AppDelegate.swift */; };
		B7984B6B211ADD3100B155CE /* ViewController.swift in Sources */ = {isa = PBXBuildFile; fileRef = B7984B6A211ADD3100B155CE /* ViewController.swift */; };
		B7984B6E211ADD3100B155CE /* Main.storyboard in Resources */ = {isa = PBXBuildFile; fileRef = B7984B6C211ADD3100B155CE /* Main.storyboard */; };
		B7984B70211ADD3200B155CE /* Assets.xcassets in Resources */ = {isa = PBXBuildFile; fileRef = B7984B6F211ADD3200B155CE /* Assets.xcassets */; };
		B7984B73211ADD3200B155CE /* LaunchScreen.storyboard in Resources */ = {isa = PBXBuildFile; fileRef = B7984B71211ADD3200B155CE /* LaunchScreen.storyboard */; };
/* End PBXBuildFile section */

/* Begin PBXFileReference section */
		8E59853A7CA649A62F69714B /* Pods-RxSwift-demo.debug.xcconfig */ = {isa = PBXFileReference; includeInIndex = 1; lastKnownFileType = text.xcconfig; name = "Pods-RxSwift-demo.debug.xcconfig"; path = "Pods/Target Support Files/Pods-RxSwift-demo/Pods-RxSwift-demo.debug.xcconfig"; sourceTree = "<group>"; };
		B56D695F7FF7319790957B4F /* Pods-RxSwift-demo.release.xcconfig */ = {isa = PBXFileReference; includeInIndex = 1; lastKnownFileType = text.xcconfig; name = "Pods-RxSwift-demo.release.xcconfig"; path = "Pods/Target Support Files/Pods-RxSwift-demo/Pods-RxSwift-demo.release.xcconfig"; sourceTree = "<group>"; };
		B7984B65211ADD3100B155CE /* RxSwift-demo.app */ = {isa = PBXFileReference; explicitFileType = wrapper.application; includeInIndex = 0; path = "RxSwift-demo.app"; sourceTree = BUILT_PRODUCTS_DIR; };
		B7984B68211ADD3100B155CE /* AppDelegate.swift */ = {isa = PBXFileReference; lastKnownFileType = sourcecode.swift; path = AppDelegate.swift; sourceTree = "<group>"; };
		B7984B6A211ADD3100B155CE /* ViewController.swift */ = {isa = PBXFileReference; lastKnownFileType = sourcecode.swift; path = ViewController.swift; sourceTree = "<group>"; };
		B7984B6D211ADD3100B155CE /* Base */ = {isa = PBXFileReference; lastKnownFileType = file.storyboard; name = Base; path = Base.lproj/Main.storyboard; sourceTree = "<group>"; };
		B7984B6F211ADD3200B155CE /* Assets.xcassets */ = {isa = PBXFileReference; lastKnownFileType = folder.assetcatalog; path = Assets.xcassets; sourceTree = "<group>"; };
		B7984B72211ADD3200B155CE /* Base */ = {isa = PBXFileReference; lastKnownFileType = file.storyboard; name = Base; path = Base.lproj/LaunchScreen.storyboard; sourceTree = "<group>"; };
		B7984B74211ADD3200B155CE /* Info.plist */ = {isa = PBXFileReference; lastKnownFileType = text.plist.xml; path = Info.plist; sourceTree = "<group>"; };
		F8113EEC34273FAE256FC72A /* Pods_RxSwift_demo.framework */ = {isa = PBXFileReference; explicitFileType = wrapper.framework; includeInIndex = 0; path = Pods_RxSwift_demo.framework; sourceTree = BUILT_PRODUCTS_DIR; };
/* End PBXFileReference section */

/* Begin PBXFrameworksBuildPhase section */
		B7984B62211ADD3100B155CE /* Frameworks */ = {
			isa = PBXFrameworksBuildPhase;
			buildActionMask = 2147483647;
			files = (
				0827A0B571F149EC8EF1C3EC /* Pods_RxSwift_demo.framework in Frameworks */,
			);
			runOnlyForDeploymentPostprocessing = 0;
		};
/* End PBXFrameworksBuildPhase section */

/* Begin PBXGroup section */
		069DEF393C8CDBDB6D34CEA0 /* Frameworks */ = {
			isa = PBXGroup;
			children = (
				F8113EEC34273FAE256FC72A /* Pods_RxSwift_demo.framework */,
			);
			name = Frameworks;
			sourceTree = "<group>";
		};
		0FE5DB6B633BB8BC6BFFAE86 /* Pods */ = {
			isa = PBXGroup;
			children = (
				8E59853A7CA649A62F69714B /* Pods-RxSwift-demo.debug.xcconfig */,
				B56D695F7FF7319790957B4F /* Pods-RxSwift-demo.release.xcconfig */,
			);
			name = Pods;
			sourceTree = "<group>";
		};
		B7984B5C211ADD3100B155CE = {
			isa = PBXGroup;
			children = (
				B7984B67211ADD3100B155CE /* RxSwift-demo */,
				B7984B66211ADD3100B155CE /* Products */,
				0FE5DB6B633BB8BC6BFFAE86 /* Pods */,
				069DEF393C8CDBDB6D34CEA0 /* Frameworks */,
			);
			sourceTree = "<group>";
		};
		B7984B66211ADD3100B155CE /* Products */ = {
			isa = PBXGroup;
			children = (
				B7984B65211ADD3100B155CE /* RxSwift-demo.app */,
			);
			name = Products;
			sourceTree = "<group>";
		};
		B7984B67211ADD3100B155CE /* RxSwift-demo */ = {
			isa = PBXGroup;
			children = (
				B7984B68211ADD3100B155CE /* AppDelegate.swift */,
				B7984B6A211ADD3100B155CE /* ViewController.swift */,
				B7984B6C211ADD3100B155CE /* Main.storyboard */,
				B7984B6F211ADD3200B155CE /* Assets.xcassets */,
				B7984B71211ADD3200B155CE /* LaunchScreen.storyboard */,
				B7984B74211ADD3200B155CE /* Info.plist */,
			);
			path = "RxSwift-demo";
			sourceTree = "<group>";
		};
/* End PBXGroup section */

/* Begin PBXNativeTarget section */
		B7984B64211ADD3100B155CE /* RxSwift-demo */ = {
			isa = PBXNativeTarget;
			buildConfigurationList = B7984B77211ADD3200B155CE /* Build configuration list for PBXNativeTarget "RxSwift-demo" */;
			buildPhases = (
				E79FC0DDC1864A4C9EE9A21C /* [CP] Check Pods Manifest.lock */,
				B7984B61211ADD3100B155CE /* Sources */,
				B7984B62211ADD3100B155CE /* Frameworks */,
				B7984B63211ADD3100B155CE /* Resources */,
				C60E9ED594F52777426325A7 /* [CP] Embed Pods Frameworks */,
			);
			buildRules = (
			);
			dependencies = (
			);
			name = "RxSwift-demo";
			productName = "RxSwift-demo";
			productReference = B7984B65211ADD3100B155CE /* RxSwift-demo.app */;
			productType = "com.apple.product-type.application";
		};
/* End PBXNativeTarget section */

/* Begin PBXProject section */
		B7984B5D211ADD3100B155CE /* Project object */ = {
			isa = PBXProject;
			attributes = {
				LastSwiftUpdateCheck = 0930;
				LastUpgradeCheck = 0930;
				ORGANIZATIONNAME = muheda;
				TargetAttributes = {
					B7984B64211ADD3100B155CE = {
						CreatedOnToolsVersion = 9.3;
					};
				};
			};
			buildConfigurationList = B7984B60211ADD3100B155CE /* Build configuration list for PBXProject "RxSwift-demo" */;
			compatibilityVersion = "Xcode 9.3";
			developmentRegion = en;
			hasScannedForEncodings = 0;
			knownRegions = (
				en,
				Base,
			);
			mainGroup = B7984B5C211ADD3100B155CE;
			productRefGroup = B7984B66211ADD3100B155CE /* Products */;
			projectDirPath = "";
			projectRoot = "";
			targets = (
				B7984B64211ADD3100B155CE /* RxSwift-demo */,
			);
		};
/* End PBXProject section */

/* Begin PBXResourcesBuildPhase section */
		B7984B63211ADD3100B155CE /* Resources */ = {
			isa = PBXResourcesBuildPhase;
			buildActionMask = 2147483647;
			files = (
				B7984B73211ADD3200B155CE /* LaunchScreen.storyboard in Resources */,
				B7984B70211ADD3200B155CE /* Assets.xcassets in Resources */,
				B7984B6E211ADD3100B155CE /* Main.storyboard in Resources */,
			);
			runOnlyForDeploymentPostprocessing = 0;
		};
/* End PBXResourcesBuildPhase section */

/* Begin PBXShellScriptBuildPhase section */
		C60E9ED594F52777426325A7 /* [CP] Embed Pods Frameworks */ = {
			isa = PBXShellScriptBuildPhase;
			buildActionMask = 2147483647;
			files = (
			);
			inputPaths = (
				"${SRCROOT}/Pods/Target Support Files/Pods-RxSwift-demo/Pods-RxSwift-demo-frameworks.sh",
				"${BUILT_PRODUCTS_DIR}/RxCocoa/RxCocoa.framework",
				"${BUILT_PRODUCTS_DIR}/RxSwift/RxSwift.framework",
				"${BUILT_PRODUCTS_DIR}/SnapKit/SnapKit.framework",
			);
			name = "[CP] Embed Pods Frameworks";
			outputPaths = (
				"${TARGET_BUILD_DIR}/${FRAMEWORKS_FOLDER_PATH}/RxCocoa.framework",
				"${TARGET_BUILD_DIR}/${FRAMEWORKS_FOLDER_PATH}/RxSwift.framework",
				"${TARGET_BUILD_DIR}/${FRAMEWORKS_FOLDER_PATH}/SnapKit.framework",
			);
			runOnlyForDeploymentPostprocessing = 0;
			shellPath = /bin/sh;
			shellScript = "\"${SRCROOT}/Pods/Target Support Files/Pods-RxSwift-demo/Pods-RxSwift-demo-frameworks.sh\"\n";
			showEnvVarsInLog = 0;
		};
		E79FC0DDC1864A4C9EE9A21C /* [CP] Check Pods Manifest.lock */ = {
			isa = PBXShellScriptBuildPhase;
			buildActionMask = 2147483647;
			files = (
			);
			inputPaths = (
				"${PODS_PODFILE_DIR_PATH}/Podfile.lock",
				"${PODS_ROOT}/Manifest.lock",
			);
			name = "[CP] Check Pods Manifest.lock";
			outputPaths = (
				"$(DERIVED_FILE_DIR)/Pods-RxSwift-demo-checkManifestLockResult.txt",
			);
			runOnlyForDeploymentPostprocessing = 0;
			shellPath = /bin/sh;
			shellScript = "diff \"${PODS_PODFILE_DIR_PATH}/Podfile.lock\" \"${PODS_ROOT}/Manifest.lock\" > /dev/null\nif [ $? != 0 ] ; then\n    # print error to STDERR\n    echo \"error: The sandbox is not in sync with the Podfile.lock. Run 'pod install' or update your CocoaPods installation.\" >&2\n    exit 1\nfi\n# This output is used by Xcode 'outputs' to avoid re-running this script phase.\necho \"SUCCESS\" > \"${SCRIPT_OUTPUT_FILE_0}\"\n";
			showEnvVarsInLog = 0;
		};
/* End PBXShellScriptBuildPhase section */

/* Begin PBXSourcesBuildPhase section */
		B7984B61211ADD3100B155CE /* Sources */ = {
			isa = PBXSourcesBuildPhase;
			buildActionMask = 2147483647;
			files = (
				B7984B6B211ADD3100B155CE /* ViewController.swift in Sources */,
				B7984B69211ADD3100B155CE /* AppDelegate.swift in Sources */,
			);
			runOnlyForDeploymentPostprocessing = 0;
		};
/* End PBXSourcesBuildPhase section */

/* Begin PBXVariantGroup section */
		B7984B6C211ADD3100B155CE /* Main.storyboard */ = {
			isa = PBXVariantGroup;
			children = (
				B7984B6D211ADD3100B155CE /* Base */,
			);
			name = Main.storyboard;
			sourceTree = "<group>";
		};
		B7984B71211ADD3200B155CE /* LaunchScreen.storyboard */ = {
			isa = PBXVariantGroup;
			children = (
				B7984B72211ADD3200B155CE /* Base */,
			);
			name = LaunchScreen.storyboard;
			sourceTree = "<group>";
		};
/* End PBXVariantGroup section */

/* Begin XCBuildConfiguration section */
		B7984B75211ADD3200B155CE /* Debug */ = {
			isa = XCBuildConfiguration;
			buildSettings = {
				ALWAYS_SEARCH_USER_PATHS = NO;
				CLANG_ANALYZER_NONNULL = YES;
				CLANG_ANALYZER_NUMBER_OBJECT_CONVERSION = YES_AGGRESSIVE;
				CLANG_CXX_LANGUAGE_STANDARD = "gnu++14";
				CLANG_CXX_LIBRARY = "libc++";
				CLANG_ENABLE_MODULES = YES;
				CLANG_ENABLE_OBJC_ARC = YES;
				CLANG_ENABLE_OBJC_WEAK = YES;
				CLANG_WARN_BLOCK_CAPTURE_AUTORELEASING = YES;
				CLANG_WARN_BOOL_CONVERSION = YES;
				CLANG_WARN_COMMA = YES;
				CLANG_WARN_CONSTANT_CONVERSION = YES;
				CLANG_WARN_DEPRECATED_OBJC_IMPLEMENTATIONS = YES;
				CLANG_WARN_DIRECT_OBJC_ISA_USAGE = YES_ERROR;
				CLANG_WARN_DOCUMENTATION_COMMENTS = YES;
				CLANG_WARN_EMPTY_BODY = YES;
				CLANG_WARN_ENUM_CONVERSION = YES;
				CLANG_WARN_INFINITE_RECURSION = YES;
				CLANG_WARN_INT_CONVERSION = YES;
				CLANG_WARN_NON_LITERAL_NULL_CONVERSION = YES;
				CLANG_WARN_OBJC_IMPLICIT_RETAIN_SELF = YES;
				CLANG_WARN_OBJC_LITERAL_CONVERSION = YES;
				CLANG_WARN_OBJC_ROOT_CLASS = YES_ERROR;
				CLANG_WARN_RANGE_LOOP_ANALYSIS = YES;
				CLANG_WARN_STRICT_PROTOTYPES = YES;
				CLANG_WARN_SUSPICIOUS_MOVE = YES;
				CLANG_WARN_UNGUARDED_AVAILABILITY = YES_AGGRESSIVE;
				CLANG_WARN_UNREACHABLE_CODE = YES;
				CLANG_WARN__DUPLICATE_METHOD_MATCH = YES;
				CODE_SIGN_IDENTITY = "iPhone Developer";
				COPY_PHASE_STRIP = NO;
				DEBUG_INFORMATION_FORMAT = dwarf;
				ENABLE_STRICT_OBJC_MSGSEND = YES;
				ENABLE_TESTABILITY = YES;
				GCC_C_LANGUAGE_STANDARD = gnu11;
				GCC_DYNAMIC_NO_PIC = NO;
				GCC_NO_COMMON_BLOCKS = YES;
				GCC_OPTIMIZATION_LEVEL = 0;
				GCC_PREPROCESSOR_DEFINITIONS = (
					"DEBUG=1",
					"$(inherited)",
				);
				GCC_WARN_64_TO_32_BIT_CONVERSION = YES;
				GCC_WARN_ABOUT_RETURN_TYPE = YES_ERROR;
				GCC_WARN_UNDECLARED_SELECTOR = YES;
				GCC_WARN_UNINITIALIZED_AUTOS = YES_AGGRESSIVE;
				GCC_WARN_UNUSED_FUNCTION = YES;
				GCC_WARN_UNUSED_VARIABLE = YES;
				IPHONEOS_DEPLOYMENT_TARGET = 11.3;
				MTL_ENABLE_DEBUG_INFO = YES;
				ONLY_ACTIVE_ARCH = YES;
				SDKROOT = iphoneos;
				SWIFT_ACTIVE_COMPILATION_CONDITIONS = DEBUG;
				SWIFT_OPTIMIZATION_LEVEL = "-Onone";
			};
			name = Debug;
		};
		B7984B76211ADD3200B155CE /* Release */ = {
			isa = XCBuildConfiguration;
			buildSettings = {
				ALWAYS_SEARCH_USER_PATHS = NO;
				CLANG_ANALYZER_NONNULL = YES;
				CLANG_ANALYZER_NUMBER_OBJECT_CONVERSION = YES_AGGRESSIVE;
				CLANG_CXX_LANGUAGE_STANDARD = "gnu++14";
				CLANG_CXX_LIBRARY = "libc++";
				CLANG_ENABLE_MODULES = YES;
				CLANG_ENABLE_OBJC_ARC = YES;
				CLANG_ENABLE_OBJC_WEAK = YES;
				CLANG_WARN_BLOCK_CAPTURE_AUTORELEASING = YES;
				CLANG_WARN_BOOL_CONVERSION = YES;
				CLANG_WARN_COMMA = YES;
				CLANG_WARN_CONSTANT_CONVERSION = YES;
				CLANG_WARN_DEPRECATED_OBJC_IMPLEMENTATIONS = YES;
				CLANG_WARN_DIRECT_OBJC_ISA_USAGE = YES_ERROR;
				CLANG_WARN_DOCUMENTATION_COMMENTS = YES;
				CLANG_WARN_EMPTY_BODY = YES;
				CLANG_WARN_ENUM_CONVERSION = YES;
				CLANG_WARN_INFINITE_RECURSION = YES;
				CLANG_WARN_INT_CONVERSION = YES;
				CLANG_WARN_NON_LITERAL_NULL_CONVERSION = YES;
				CLANG_WARN_OBJC_IMPLICIT_RETAIN_SELF = YES;
				CLANG_WARN_OBJC_LITERAL_CONVERSION = YES;
				CLANG_WARN_OBJC_ROOT_CLASS = YES_ERROR;
				CLANG_WARN_RANGE_LOOP_ANALYSIS = YES;
				CLANG_WARN_STRICT_PROTOTYPES = YES;
				CLANG_WARN_SUSPICIOUS_MOVE = YES;
				CLANG_WARN_UNGUARDED_AVAILABILITY = YES_AGGRESSIVE;
				CLANG_WARN_UNREACHABLE_CODE = YES;
				CLANG_WARN__DUPLICATE_METHOD_MATCH = YES;
				CODE_SIGN_IDENTITY = "iPhone Developer";
				COPY_PHASE_STRIP = NO;
				DEBUG_INFORMATION_FORMAT = "dwarf-with-dsym";
				ENABLE_NS_ASSERTIONS = NO;
				ENABLE_STRICT_OBJC_MSGSEND = YES;
				GCC_C_LANGUAGE_STANDARD = gnu11;
				GCC_NO_COMMON_BLOCKS = YES;
				GCC_WARN_64_TO_32_BIT_CONVERSION = YES;
				GCC_WARN_ABOUT_RETURN_TYPE = YES_ERROR;
				GCC_WARN_UNDECLARED_SELECTOR = YES;
				GCC_WARN_UNINITIALIZED_AUTOS = YES_AGGRESSIVE;
				GCC_WARN_UNUSED_FUNCTION = YES;
				GCC_WARN_UNUSED_VARIABLE = YES;
				IPHONEOS_DEPLOYMENT_TARGET = 11.3;
				MTL_ENABLE_DEBUG_INFO = NO;
				SDKROOT = iphoneos;
				SWIFT_COMPILATION_MODE = wholemodule;
				SWIFT_OPTIMIZATION_LEVEL = "-O";
				VALIDATE_PRODUCT = YES;
			};
			name = Release;
		};
		B7984B78211ADD3200B155CE /* Debug */ = {
			isa = XCBuildConfiguration;
			baseConfigurationReference = 8E59853A7CA649A62F69714B /* Pods-RxSwift-demo.debug.xcconfig */;
			buildSettings = {
				ASSETCATALOG_COMPILER_APPICON_NAME = AppIcon;
				CODE_SIGN_STYLE = Automatic;
				INFOPLIST_FILE = "RxSwift-demo/Info.plist";
				IPHONEOS_DEPLOYMENT_TARGET = 8.0;
				LD_RUNPATH_SEARCH_PATHS = "$(inherited) @executable_path/Frameworks";
				PRODUCT_BUNDLE_IDENTIFIER = "muheda.RxSwift-demo";
				PRODUCT_NAME = "$(TARGET_NAME)";
				SWIFT_VERSION = 4.0;
				TARGETED_DEVICE_FAMILY = "1,2";
			};
			name = Debug;
		};
		B7984B79211ADD3200B155CE /* Release */ = {
			isa = XCBuildConfiguration;
			baseConfigurationReference = B56D695F7FF7319790957B4F /* Pods-RxSwift-demo.release.xcconfig */;
			buildSettings = {
				ASSETCATALOG_COMPILER_APPICON_NAME = AppIcon;
				CODE_SIGN_STYLE = Automatic;
				INFOPLIST_FILE = "RxSwift-demo/Info.plist";
				IPHONEOS_DEPLOYMENT_TARGET = 8.0;
				LD_RUNPATH_SEARCH_PATHS = "$(inherited) @executable_path/Frameworks";
				PRODUCT_BUNDLE_IDENTIFIER = "muheda.RxSwift-demo";
				PRODUCT_NAME = "$(TARGET_NAME)";
				SWIFT_VERSION = 4.0;
				TARGETED_DEVICE_FAMILY = "1,2";
			};
			name = Release;
		};
/* End XCBuildConfiguration section */

/* Begin XCConfigurationList section */
		B7984B60211ADD3100B155CE /* Build configuration list for PBXProject "RxSwift-demo" */ = {
			isa = XCConfigurationList;
			buildConfigurations = (
				B7984B75211ADD3200B155CE /* Debug */,
				B7984B76211ADD3200B155CE /* Release */,
			);
			defaultConfigurationIsVisible = 0;
			defaultConfigurationName = Release;
		};
		B7984B77211ADD3200B155CE /* Build configuration list for PBXNativeTarget "RxSwift-demo" */ = {
			isa = XCConfigurationList;
			buildConfigurations = (
				B7984B78211ADD3200B155CE /* Debug */,
				B7984B79211ADD3200B155CE /* Release */,
			);
			defaultConfigurationIsVisible = 0;
			defaultConfigurationName = Release;
		};
/* End XCConfigurationList section */
	};
	rootObject = B7984B5D211ADD3100B155CE /* Project object */;
}
